Microsoft Visual Studio Solution File, Format Version 12.00
# Visual Studio Version 17
VisualStudioVersion = 17.5.2.0
MinimumVisualStudioVersion = 10.0.40219.1
Project("{2150E333-8FDC-42A3-9474-1A3956D46DE8}") = "Happy Planet", "Happy Planet", "{DB2A288F-1ECD-EAD0-901C-E455A50DED4F}"
EndProject
Project("{FAE04EC0-301F-11D3-BF4B-00C04F79EFBC}") = "EasyH.Tool", "Happy Planet\EasyH.Tool.csproj", "{6A67D612-8E58-CD51-18A6-301CE2382382}"
EndProject
Project("{FAE04EC0-301F-11D3-BF4B-00C04F79EFBC}") = "EasyH.Unity", "Happy Planet\EasyH.Unity.csproj", "{D65BA015-6995-AC4E-423B-0BD50090A618}"
EndProject
Project("{FAE04EC0-301F-11D3-BF4B-00C04F79EFBC}") = "Assembly-CSharp-Editor", "Happy Planet\Assembly-CSharp-Editor.csproj", "{B1FE8130-4D72-5331-AFA6-7C964BC56E12}"
EndProject
Project("{FAE04EC0-301F-11D3-BF4B-00C04F79EFBC}") = "EasyH", "Happy Planet\EasyH.csproj", "{4934938B-296B-CEB7-A420-6077FCE02582}"
EndProject
Project("{FAE04EC0-301F-11D3-BF4B-00C04F79EFBC}") = "EasyH.Gaming", "Happy Planet\EasyH.Gaming.csproj", "{8073F835-26FD-9C1D-DF65-D8A1A6B2198E}"
EndProject
Project("{FAE04EC0-301F-11D3-BF4B-00C04F79EFBC}") = "EasyH.Tool.LangKit.Editor", "Happy Planet\EasyH.Tool.LangKit.Editor.csproj", "{4DF56835-19FB-1F59-C29C-F81F35849199}"
EndProject
Project("{FAE04EC0-301F-11D3-BF4B-00C04F79EFBC}") = "BKTools", "Happy Planet\BKTools.csproj", "{49A037AA-5ADD-96BD-D6CE-79C5050EBCE4}"
EndProject
Project("{FAE04EC0-301F-11D3-BF4B-00C04F79EFBC}") = "Assembly-CSharp", "Happy Planet\Assembly-CSharp.csproj", "{BDDF1335-7BD8-0CCA-2DFF-FEC90644B43D}"
EndProject
Global
	GlobalSection(SolutionConfigurationPlatforms) = preSolution
		Debug|Any CPU = Debug|Any CPU
		Release|Any CPU = Release|Any CPU
	EndGlobalSection
	GlobalSection(ProjectConfigurationPlatforms) = postSolution
		{6A67D612-8E58-CD51-18A6-301CE2382382}.Debug|Any CPU.ActiveCfg = Debug|Any CPU
		{6A67D612-8E58-CD51-18A6-301CE2382382}.Debug|Any CPU.Build.0 = Debug|Any CPU
		{6A67D612-8E58-CD51-18A6-301CE2382382}.Release|Any CPU.ActiveCfg = Release|Any CPU
		{6A67D612-8E58-CD51-18A6-301CE2382382}.Release|Any CPU.Build.0 = Release|Any CPU
		{D65BA015-6995-AC4E-423B-0BD50090A618}.Debug|Any CPU.ActiveCfg = Debug|Any CPU
		{D65BA015-6995-AC4E-423B-0BD50090A618}.Debug|Any CPU.Build.0 = Debug|Any CPU
		{D65BA015-6995-AC4E-423B-0BD50090A618}.Release|Any CPU.ActiveCfg = Release|Any CPU
		{D65BA015-6995-AC4E-423B-0BD50090A618}.Release|Any CPU.Build.0 = Release|Any CPU
		{B1FE8130-4D72-5331-AFA6-7C964BC56E12}.Debug|Any CPU.ActiveCfg = Debug|Any CPU
		{B1FE8130-4D72-5331-AFA6-7C964BC56E12}.Debug|Any CPU.Build.0 = Debug|Any CPU
		{B1FE8130-4D72-5331-AFA6-7C964BC56E12}.Release|Any CPU.ActiveCfg = Release|Any CPU
		{B1FE8130-4D72-5331-AFA6-7C964BC56E12}.Release|Any CPU.Build.0 = Release|Any CPU
		{4934938B-296B-CEB7-A420-6077FCE02582}.Debug|Any CPU.ActiveCfg = Debug|Any CPU
		{4934938B-296B-CEB7-A420-6077FCE02582}.Debug|Any CPU.Build.0 = Debug|Any CPU
		{4934938B-296B-CEB7-A420-6077FCE02582}.Release|Any CPU.ActiveCfg = Release|Any CPU
		{4934938B-296B-CEB7-A420-6077FCE02582}.Release|Any CPU.Build.0 = Release|Any CPU
		{8073F835-26FD-9C1D-DF65-D8A1A6B2198E}.Debug|Any CPU.ActiveCfg = Debug|Any CPU
		{8073F835-26FD-9C1D-DF65-D8A1A6B2198E}.Debug|Any CPU.Build.0 = Debug|Any CPU
		{8073F835-26FD-9C1D-DF65-D8A1A6B2198E}.Release|Any CPU.ActiveCfg = Release|Any CPU
		{8073F835-26FD-9C1D-DF65-D8A1A6B2198E}.Release|Any CPU.Build.0 = Release|Any CPU
		{4DF56835-19FB-1F59-C29C-F81F35849199}.Debug|Any CPU.ActiveCfg = Debug|Any CPU
		{4DF56835-19FB-1F59-C29C-F81F35849199}.Debug|Any CPU.Build.0 = Debug|Any CPU
		{4DF56835-19FB-1F59-C29C-F81F35849199}.Release|Any CPU.ActiveCfg = Release|Any CPU
		{4DF56835-19FB-1F59-C29C-F81F35849199}.Release|Any CPU.Build.0 = Release|Any CPU
		{49A037AA-5ADD-96BD-D6CE-79C5050EBCE4}.Debug|Any CPU.ActiveCfg = Debug|Any CPU
		{49A037AA-5ADD-96BD-D6CE-79C5050EBCE4}.Debug|Any CPU.Build.0 = Debug|Any CPU
		{49A037AA-5ADD-96BD-D6CE-79C5050EBCE4}.Release|Any CPU.ActiveCfg = Release|Any CPU
		{49A037AA-5ADD-96BD-D6CE-79C5050EBCE4}.Release|Any CPU.Build.0 = Release|Any CPU
		{BDDF1335-7BD8-0CCA-2DFF-FEC90644B43D}.Debug|Any CPU.ActiveCfg = Debug|Any CPU
		{BDDF1335-7BD8-0CCA-2DFF-FEC90644B43D}.Debug|Any CPU.Build.0 = Debug|Any CPU
		{BDDF1335-7BD8-0CCA-2DFF-FEC90644B43D}.Release|Any CPU.ActiveCfg = Release|Any CPU
		{BDDF1335-7BD8-0CCA-2DFF-FEC90644B43D}.Release|Any CPU.Build.0 = Release|Any CPU
	EndGlobalSection
	GlobalSection(SolutionProperties) = preSolution
		HideSolutionNode = FALSE
	EndGlobalSection
	GlobalSection(NestedProjects) = preSolution
		{6A67D612-8E58-CD51-18A6-301CE2382382} = {DB2A288F-1ECD-EAD0-901C-E455A50DED4F}
		{D65BA015-6995-AC4E-423B-0BD50090A618} = {DB2A288F-1ECD-EAD0-901C-E455A50DED4F}
		{B1FE8130-4D72-5331-AFA6-7C964BC56E12} = {DB2A288F-1ECD-EAD0-901C-E455A50DED4F}
		{4934938B-296B-CEB7-A420-6077FCE02582} = {DB2A288F-1ECD-EAD0-901C-E455A50DED4F}
		{8073F835-26FD-9C1D-DF65-D8A1A6B2198E} = {DB2A288F-1ECD-EAD0-901C-E455A50DED4F}
		{4DF56835-19FB-1F59-C29C-F81F35849199} = {DB2A288F-1ECD-EAD0-901C-E455A50DED4F}
		{49A037AA-5ADD-96BD-D6CE-79C5050EBCE4} = {DB2A288F-1ECD-EAD0-901C-E455A50DED4F}
		{BDDF1335-7BD8-0CCA-2DFF-FEC90644B43D} = {DB2A288F-1ECD-EAD0-901C-E455A50DED4F}
	EndGlobalSection
	GlobalSection(ExtensibilityGlobals) = postSolution
		SolutionGuid = {FFBE6EF5-4F98-4163-BE32-7C94944046E9}
	EndGlobalSection
EndGlobal
