<Solution>
  <Project Path="EasyH.Gaming.csproj" />
  <Project Path="EasyH.Unity.csproj" />
  <Project Path="Assembly-CSharp.csproj" />
  <Project Path="BKTools.csproj" />
  <Project Path="EasyH.Tool.LangKit.Editor.csproj" />
  <Project Path="EasyH.csproj" />
  <Project Path="Assembly-CSharp-Editor.csproj" />
  <Project Path="EasyH.Tool.csproj" />
</Solution>
